
Microsoft Visual Studio Solution File, Format Version 12.00
# Visual Studio Version 16
VisualStudioVersion = 16.0.30717.126
MinimumVisualStudioVersion = 10.0.40219.1
Project("{2150E333-8FDC-42A3-9474-1A3956D46DE8}") = "cSharpBasic", "cSharpBasic", "{E4BA6F99-E2B1-47C7-ACFD-42B3DD074FD9}"
EndProject
Project("{2150E333-8FDC-42A3-9474-1A3956D46DE8}") = "OOP", "OOP", "{534893F8-F3C0-403A-BD38-231748CDDFE5}"
EndProject
Project("{2150E333-8FDC-42A3-9474-1A3956D46DE8}") = "Exception", "Exception", "{49F6FD84-54C6-4346-8CBA-6CD2FA28BCB3}"
EndProject
Project("{2150E333-8FDC-42A3-9474-1A3956D46DE8}") = "Namespace", "Namespace", "{B4CF0BA7-EA7F-4985-AD1F-5B40BAEA4EBC}"
EndProject
Project("{2150E333-8FDC-42A3-9474-1A3956D46DE8}") = "DelegateEvent", "DelegateEvent", "{2FA46F07-A2EC-4EB3-897C-CC606EAC6AFE}"
EndProject
Project("{2150E333-8FDC-42A3-9474-1A3956D46DE8}") = "InputOutput", "InputOutput", "{56F00AD3-D51D-436C-A362-CEB2731339B3}"
EndProject
Project("{9A19103F-16F7-4668-BE54-9A1E7A4F7556}") = "ReadExcelFile", "ReadExcelFile\ReadExcelFile.csproj", "{F357F4F7-ECEF-40DB-B6E1-3EEAF604F831}"
EndProject
Project("{FAE04EC0-301F-11D3-BF4B-00C04F79EFBC}") = "cSharpBasic01", "cSharpBasic\cSharpBasic01\cSharpBasic01.csproj", "{541F4730-D2D7-4CDC-AAAE-1D79C6E5474E}"
EndProject
Project("{FAE04EC0-301F-11D3-BF4B-00C04F79EFBC}") = "cSharpBasic02", "cSharpBasic\cSharpBasic02\cSharpBasic02.csproj", "{62BDAADC-1932-4442-B418-748CE6FADD27}"
EndProject
Project("{FAE04EC0-301F-11D3-BF4B-00C04F79EFBC}") = "cSharpBasic03", "cSharpBasic\cSharpBasic03\cSharpBasic03.csproj", "{35EE1E89-CF30-4BBB-BF8A-9FBB4CE2D391}"
EndProject
Project("{FAE04EC0-301F-11D3-BF4B-00C04F79EFBC}") = "DelegateEvent01", "DelegateEvent\DelegateEvent01\DelegateEvent01.csproj", "{CB5B70AF-38FF-47CD-80F2-15321E0D3478}"
EndProject
Project("{FAE04EC0-301F-11D3-BF4B-00C04F79EFBC}") = "DelegateEvent02", "DelegateEvent\DelegateEvent02\DelegateEvent02.csproj", "{A12C50BD-15D2-40D4-8130-53097680CCCE}"
EndProject
Project("{FAE04EC0-301F-11D3-BF4B-00C04F79EFBC}") = "DelegateEvent03", "DelegateEvent\DelegateEvent03\DelegateEvent03.csproj", "{726D3772-1D06-451F-AD15-70C7AEDF3C85}"
EndProject
Project("{FAE04EC0-301F-11D3-BF4B-00C04F79EFBC}") = "DelegateEvent04", "DelegateEvent\DelegateEvent04\DelegateEvent04.csproj", "{F1E58CDC-AE2B-48A7-A16E-116CADD8F805}"
EndProject
Project("{FAE04EC0-301F-11D3-BF4B-00C04F79EFBC}") = "Exception01", "Exception\Exception01\Exception01.csproj", "{E4E5B102-DC98-41B7-975C-6E2AF7DA7E60}"
EndProject
Project("{FAE04EC0-301F-11D3-BF4B-00C04F79EFBC}") = "InputOutput01", "InputOutput\InputOutput01\InputOutput01.csproj", "{1960E1A8-04BC-4463-B567-A62EA818321C}"
EndProject
Project("{FAE04EC0-301F-11D3-BF4B-00C04F79EFBC}") = "InputOutput02", "InputOutput\InputOutput02\InputOutput02.csproj", "{3D53FCE0-ED6F-4BB1-8BF1-E1961BD2D26E}"
EndProject
Project("{FAE04EC0-301F-11D3-BF4B-00C04F79EFBC}") = "InputOutput03", "InputOutput\InputOutput03\InputOutput03.csproj", "{5BD10711-90B2-4F55-9168-DE95CAA92367}"
EndProject
Project("{FAE04EC0-301F-11D3-BF4B-00C04F79EFBC}") = "Namespace01", "Namespace\Namespace01\Namespace01.csproj", "{BE6ED01F-C086-4670-9BF8-5E13FE6524C6}"
EndProject
Project("{FAE04EC0-301F-11D3-BF4B-00C04F79EFBC}") = "Namespace02", "Namespace\Namespace02\Namespace02.csproj", "{F3AF3E47-33CF-4DD9-9EFF-347819805D8C}"
EndProject
Project("{FAE04EC0-301F-11D3-BF4B-00C04F79EFBC}") = "OOP01", "OOP\OOP01\OOP01.csproj", "{7279ACB2-9C90-4657-8E99-DE1B574F3412}"
EndProject
Global
	GlobalSection(SolutionConfigurationPlatforms) = preSolution
		Debug|Any CPU = Debug|Any CPU
		Release|Any CPU = Release|Any CPU
	EndGlobalSection
	GlobalSection(ProjectConfigurationPlatforms) = postSolution
		{F357F4F7-ECEF-40DB-B6E1-3EEAF604F831}.Debug|Any CPU.ActiveCfg = Debug|Any CPU
		{F357F4F7-ECEF-40DB-B6E1-3EEAF604F831}.Debug|Any CPU.Build.0 = Debug|Any CPU
		{F357F4F7-ECEF-40DB-B6E1-3EEAF604F831}.Release|Any CPU.ActiveCfg = Release|Any CPU
		{F357F4F7-ECEF-40DB-B6E1-3EEAF604F831}.Release|Any CPU.Build.0 = Release|Any CPU
		{541F4730-D2D7-4CDC-AAAE-1D79C6E5474E}.Debug|Any CPU.ActiveCfg = Debug|Any CPU
		{541F4730-D2D7-4CDC-AAAE-1D79C6E5474E}.Debug|Any CPU.Build.0 = Debug|Any CPU
		{541F4730-D2D7-4CDC-AAAE-1D79C6E5474E}.Release|Any CPU.ActiveCfg = Release|Any CPU
		{541F4730-D2D7-4CDC-AAAE-1D79C6E5474E}.Release|Any CPU.Build.0 = Release|Any CPU
		{62BDAADC-1932-4442-B418-748CE6FADD27}.Debug|Any CPU.ActiveCfg = Debug|Any CPU
		{62BDAADC-1932-4442-B418-748CE6FADD27}.Debug|Any CPU.Build.0 = Debug|Any CPU
		{62BDAADC-1932-4442-B418-748CE6FADD27}.Release|Any CPU.ActiveCfg = Release|Any CPU
		{62BDAADC-1932-4442-B418-748CE6FADD27}.Release|Any CPU.Build.0 = Release|Any CPU
		{35EE1E89-CF30-4BBB-BF8A-9FBB4CE2D391}.Debug|Any CPU.ActiveCfg = Debug|Any CPU
		{35EE1E89-CF30-4BBB-BF8A-9FBB4CE2D391}.Debug|Any CPU.Build.0 = Debug|Any CPU
		{35EE1E89-CF30-4BBB-BF8A-9FBB4CE2D391}.Release|Any CPU.ActiveCfg = Release|Any CPU
		{35EE1E89-CF30-4BBB-BF8A-9FBB4CE2D391}.Release|Any CPU.Build.0 = Release|Any CPU
		{CB5B70AF-38FF-47CD-80F2-15321E0D3478}.Debug|Any CPU.ActiveCfg = Debug|Any CPU
		{CB5B70AF-38FF-47CD-80F2-15321E0D3478}.Debug|Any CPU.Build.0 = Debug|Any CPU
		{CB5B70AF-38FF-47CD-80F2-15321E0D3478}.Release|Any CPU.ActiveCfg = Release|Any CPU
		{CB5B70AF-38FF-47CD-80F2-15321E0D3478}.Release|Any CPU.Build.0 = Release|Any CPU
		{A12C50BD-15D2-40D4-8130-53097680CCCE}.Debug|Any CPU.ActiveCfg = Debug|Any CPU
		{A12C50BD-15D2-40D4-8130-53097680CCCE}.Debug|Any CPU.Build.0 = Debug|Any CPU
		{A12C50BD-15D2-40D4-8130-53097680CCCE}.Release|Any CPU.ActiveCfg = Release|Any CPU
		{A12C50BD-15D2-40D4-8130-53097680CCCE}.Release|Any CPU.Build.0 = Release|Any CPU
		{726D3772-1D06-451F-AD15-70C7AEDF3C85}.Debug|Any CPU.ActiveCfg = Debug|Any CPU
		{726D3772-1D06-451F-AD15-70C7AEDF3C85}.Debug|Any CPU.Build.0 = Debug|Any CPU
		{726D3772-1D06-451F-AD15-70C7AEDF3C85}.Release|Any CPU.ActiveCfg = Release|Any CPU
		{726D3772-1D06-451F-AD15-70C7AEDF3C85}.Release|Any CPU.Build.0 = Release|Any CPU
		{F1E58CDC-AE2B-48A7-A16E-116CADD8F805}.Debug|Any CPU.ActiveCfg = Debug|Any CPU
		{F1E58CDC-AE2B-48A7-A16E-116CADD8F805}.Debug|Any CPU.Build.0 = Debug|Any CPU
		{F1E58CDC-AE2B-48A7-A16E-116CADD8F805}.Release|Any CPU.ActiveCfg = Release|Any CPU
		{F1E58CDC-AE2B-48A7-A16E-116CADD8F805}.Release|Any CPU.Build.0 = Release|Any CPU
		{E4E5B102-DC98-41B7-975C-6E2AF7DA7E60}.Debug|Any CPU.ActiveCfg = Debug|Any CPU
		{E4E5B102-DC98-41B7-975C-6E2AF7DA7E60}.Debug|Any CPU.Build.0 = Debug|Any CPU
		{E4E5B102-DC98-41B7-975C-6E2AF7DA7E60}.Release|Any CPU.ActiveCfg = Release|Any CPU
		{E4E5B102-DC98-41B7-975C-6E2AF7DA7E60}.Release|Any CPU.Build.0 = Release|Any CPU
		{1960E1A8-04BC-4463-B567-A62EA818321C}.Debug|Any CPU.ActiveCfg = Debug|Any CPU
		{1960E1A8-04BC-4463-B567-A62EA818321C}.Debug|Any CPU.Build.0 = Debug|Any CPU
		{1960E1A8-04BC-4463-B567-A62EA818321C}.Release|Any CPU.ActiveCfg = Release|Any CPU
		{1960E1A8-04BC-4463-B567-A62EA818321C}.Release|Any CPU.Build.0 = Release|Any CPU
		{3D53FCE0-ED6F-4BB1-8BF1-E1961BD2D26E}.Debug|Any CPU.ActiveCfg = Debug|Any CPU
		{3D53FCE0-ED6F-4BB1-8BF1-E1961BD2D26E}.Debug|Any CPU.Build.0 = Debug|Any CPU
		{3D53FCE0-ED6F-4BB1-8BF1-E1961BD2D26E}.Release|Any CPU.ActiveCfg = Release|Any CPU
		{3D53FCE0-ED6F-4BB1-8BF1-E1961BD2D26E}.Release|Any CPU.Build.0 = Release|Any CPU
		{5BD10711-90B2-4F55-9168-DE95CAA92367}.Debug|Any CPU.ActiveCfg = Debug|Any CPU
		{5BD10711-90B2-4F55-9168-DE95CAA92367}.Debug|Any CPU.Build.0 = Debug|Any CPU
		{5BD10711-90B2-4F55-9168-DE95CAA92367}.Release|Any CPU.ActiveCfg = Release|Any CPU
		{5BD10711-90B2-4F55-9168-DE95CAA92367}.Release|Any CPU.Build.0 = Release|Any CPU
		{BE6ED01F-C086-4670-9BF8-5E13FE6524C6}.Debug|Any CPU.ActiveCfg = Debug|Any CPU
		{BE6ED01F-C086-4670-9BF8-5E13FE6524C6}.Debug|Any CPU.Build.0 = Debug|Any CPU
		{BE6ED01F-C086-4670-9BF8-5E13FE6524C6}.Release|Any CPU.ActiveCfg = Release|Any CPU
		{BE6ED01F-C086-4670-9BF8-5E13FE6524C6}.Release|Any CPU.Build.0 = Release|Any CPU
		{F3AF3E47-33CF-4DD9-9EFF-347819805D8C}.Debug|Any CPU.ActiveCfg = Debug|Any CPU
		{F3AF3E47-33CF-4DD9-9EFF-347819805D8C}.Debug|Any CPU.Build.0 = Debug|Any CPU
		{F3AF3E47-33CF-4DD9-9EFF-347819805D8C}.Release|Any CPU.ActiveCfg = Release|Any CPU
		{F3AF3E47-33CF-4DD9-9EFF-347819805D8C}.Release|Any CPU.Build.0 = Release|Any CPU
		{7279ACB2-9C90-4657-8E99-DE1B574F3412}.Debug|Any CPU.ActiveCfg = Debug|Any CPU
		{7279ACB2-9C90-4657-8E99-DE1B574F3412}.Debug|Any CPU.Build.0 = Debug|Any CPU
		{7279ACB2-9C90-4657-8E99-DE1B574F3412}.Release|Any CPU.ActiveCfg = Release|Any CPU
		{7279ACB2-9C90-4657-8E99-DE1B574F3412}.Release|Any CPU.Build.0 = Release|Any CPU
	EndGlobalSection
	GlobalSection(SolutionProperties) = preSolution
		HideSolutionNode = FALSE
	EndGlobalSection
	GlobalSection(NestedProjects) = preSolution
		{F357F4F7-ECEF-40DB-B6E1-3EEAF604F831} = {56F00AD3-D51D-436C-A362-CEB2731339B3}
		{541F4730-D2D7-4CDC-AAAE-1D79C6E5474E} = {E4BA6F99-E2B1-47C7-ACFD-42B3DD074FD9}
		{62BDAADC-1932-4442-B418-748CE6FADD27} = {E4BA6F99-E2B1-47C7-ACFD-42B3DD074FD9}
		{35EE1E89-CF30-4BBB-BF8A-9FBB4CE2D391} = {E4BA6F99-E2B1-47C7-ACFD-42B3DD074FD9}
		{CB5B70AF-38FF-47CD-80F2-15321E0D3478} = {2FA46F07-A2EC-4EB3-897C-CC606EAC6AFE}
		{A12C50BD-15D2-40D4-8130-53097680CCCE} = {2FA46F07-A2EC-4EB3-897C-CC606EAC6AFE}
		{726D3772-1D06-451F-AD15-70C7AEDF3C85} = {2FA46F07-A2EC-4EB3-897C-CC606EAC6AFE}
		{F1E58CDC-AE2B-48A7-A16E-116CADD8F805} = {2FA46F07-A2EC-4EB3-897C-CC606EAC6AFE}
		{E4E5B102-DC98-41B7-975C-6E2AF7DA7E60} = {49F6FD84-54C6-4346-8CBA-6CD2FA28BCB3}
		{1960E1A8-04BC-4463-B567-A62EA818321C} = {56F00AD3-D51D-436C-A362-CEB2731339B3}
		{3D53FCE0-ED6F-4BB1-8BF1-E1961BD2D26E} = {56F00AD3-D51D-436C-A362-CEB2731339B3}
		{5BD10711-90B2-4F55-9168-DE95CAA92367} = {56F00AD3-D51D-436C-A362-CEB2731339B3}
		{BE6ED01F-C086-4670-9BF8-5E13FE6524C6} = {B4CF0BA7-EA7F-4985-AD1F-5B40BAEA4EBC}
		{F3AF3E47-33CF-4DD9-9EFF-347819805D8C} = {B4CF0BA7-EA7F-4985-AD1F-5B40BAEA4EBC}
		{7279ACB2-9C90-4657-8E99-DE1B574F3412} = {534893F8-F3C0-403A-BD38-231748CDDFE5}
	EndGlobalSection
	GlobalSection(ExtensibilityGlobals) = postSolution
		SolutionGuid = {801D8F18-9F40-42A4-B44C-680A32E1D81A}
	EndGlobalSection
EndGlobal
